# This file is generated by running "yarn install" inside your project.
# Manual changes might be lost - proceed with caution!

__metadata:
  version: 6
  cacheKey: 8

"focus-options-polyfill@npm:^1.6.0":
  version: 1.6.0
  resolution: "focus-options-polyfill@npm:1.6.0"
  checksum: 72a87177016e99a341a01737c0b27c9af4eba66f2d6b0a0c74e4d788726f3e04fca3aa4b618bfd47f434ecfb852a1739ab2f900efaee136adc5b2b97b543be40
  languageName: node
  linkType: hard

"scroll-behavior-polyfill@npm:^2.0.13":
  version: 2.0.13
  resolution: "scroll-behavior-polyfill@npm:2.0.13"
  checksum: 8d9171438acbf29a2fec72a8a53640e112a10b02b9f68c2532378006e1e9e7e2cdf16b97910f07d013003a967eda9c09ac7fe7d8183f08268e6952df5470d747
  languageName: node
  linkType: hard

"zome-vjsn@workspace:.":
  version: 0.0.0-use.local
  resolution: "zome-vjsn@workspace:."
  dependencies:
    focus-options-polyfill: ^1.6.0
    scroll-behavior-polyfill: ^2.0.13
  languageName: unknown
  linkType: soft
